PODS:
  - Alamofire (3.1.2)
  - SDWebImage (3.7.3):
    - SDWebImage/Core (= 3.7.3)
  - SDWebImage/Core (3.7.3)
  - SnapKit (0.17.0)
  - SQLite.swift (1.0.0)
  - SVProgressHUD (1.1.3)
  - XCGLogger (3.0)

DEPENDENCIES:
  - Alamofire
  - SDWebImage
  - SnapKit
  - SQLite.swift (from `https://github.com/stephencelis/SQLite.swift.git`)
  - SVProgressHUD
  - XCGLogger

EXTERNAL SOURCES:
  SQLite.swift:
    :git: https://github.com/stephencelis/SQLite.swift.git

CHECKOUT OPTIONS:
  SQLite.swift:
    :commit: c9d3082d1f5ddc2e55a792a8eb1a677b8a1b15f5
    :git: https://github.com/stephencelis/SQLite.swift.git

SPEC CHECKSUMS:
  Alamofire: 7c16ca65f3c7e681fd925fd7f2dec7747ff96855
  SDWebImage: 1d2b1a1efda1ade1b00b6f8498865f8ddedc8a84
  SnapKit: 49fd7b1b3ff58ab4064004036b8afcfddbd3a4bd
  SQLite.swift: 3bb75f5a650f08673276bc6d3fb1de1b542b8f4d
  SVProgressHUD: 748080e4f36e603f6c02aec292664239df5279c1
  XCGLogger: 5802533aff8bafc8b3b9776ab8972576f31d0a4e

COCOAPODS: 0.39.0
