// !$*UTF8*$!
{
	archiveVersion = 1;
	classes = {
	};
	objectVersion = 46;
	objects = {

/* Begin PBXBuildFile section */
		2A19B1001BFBF39C005C027D /* UserAccount.swift in Sources */ = {isa = PBXBuildFile; fileRef = 2A19B0FF1BFBF39C005C027D /* UserAccount.swift */; };
		2A19B1051BFC0429005C027D /* UserAccountViewModel.swift in Sources */ = {isa = PBXBuildFile; fileRef = 2A19B1041BFC0429005C027D /* UserAccountViewModel.swift */; };
		2A49C01E1BFB76CD00FA8FD6 /* OAuthViewController.swift in Sources */ = {isa = PBXBuildFile; fileRef = 2A49C01D1BFB76CD00FA8FD6 /* OAuthViewController.swift */; };
		2A49C0211BFB792900FA8FD6 /* NetworkTool.swift in Sources */ = {isa = PBXBuildFile; fileRef = 2A49C0201BFB792900FA8FD6 /* NetworkTool.swift */; };
		2A4EBBF71BF973AB001D770C /* AppDelegate.swift in Sources */ = {isa = PBXBuildFile; fileRef = 2A4EBBF61BF973AB001D770C /* AppDelegate.swift */; };
		2A4EBBFE1BF973AB001D770C /* Assets.xcassets in Resources */ = {isa = PBXBuildFile; fileRef = 2A4EBBFD1BF973AB001D770C /* Assets.xcassets */; };
		2A4EBC0C1BF973AB001D770C /* WeiBoTests.swift in Sources */ = {isa = PBXBuildFile; fileRef = 2A4EBC0B1BF973AB001D770C /* WeiBoTests.swift */; };
		2A4EBC171BF973AB001D770C /* WeiBoUITests.swift in Sources */ = {isa = PBXBuildFile; fileRef = 2A4EBC161BF973AB001D770C /* WeiBoUITests.swift */; };
		2A4EBC251BF973FE001D770C /* Podfile in Resources */ = {isa = PBXBuildFile; fileRef = 2A4EBC241BF973FE001D770C /* Podfile */; };
		2A4EBC351BF9AC8A001D770C /* MainViewController.swift in Sources */ = {isa = PBXBuildFile; fileRef = 2A4EBC341BF9AC8A001D770C /* MainViewController.swift */; };
		2A4EBC421BF9B00A001D770C /* MessageViewController.swift in Sources */ = {isa = PBXBuildFile; fileRef = 2A4EBC411BF9B00A001D770C /* MessageViewController.swift */; };
		2A4EBC441BF9B016001D770C /* ProfileViewController.swift in Sources */ = {isa = PBXBuildFile; fileRef = 2A4EBC431BF9B016001D770C /* ProfileViewController.swift */; };
		2A4EBC4A1BF9B043001D770C /* DiscoverViewController.swift in Sources */ = {isa = PBXBuildFile; fileRef = 2A4EBC491BF9B043001D770C /* DiscoverViewController.swift */; };
		2A4EBC4D1BF9C7AB001D770C /* VistorViewController.swift in Sources */ = {isa = PBXBuildFile; fileRef = 2A4EBC4C1BF9C7AB001D770C /* VistorViewController.swift */; };
		2A4EBC501BF9C7FA001D770C /* VistView.swift in Sources */ = {isa = PBXBuildFile; fileRef = 2A4EBC4F1BF9C7FA001D770C /* VistView.swift */; };
		2A5122821BFC38F100EB0859 /* NewFeatureViewController.swift in Sources */ = {isa = PBXBuildFile; fileRef = 2A5122811BFC38F100EB0859 /* NewFeatureViewController.swift */; };
		2A5122851BFCA15300EB0859 /* NotificationNames.swift in Sources */ = {isa = PBXBuildFile; fileRef = 2A5122841BFCA15300EB0859 /* NotificationNames.swift */; };
		2A5122881BFCA44B00EB0859 /* WelcomeViewController.swift in Sources */ = {isa = PBXBuildFile; fileRef = 2A5122871BFCA44B00EB0859 /* WelcomeViewController.swift */; };
		2A51228B1BFCA7EC00EB0859 /* GCD.swift in Sources */ = {isa = PBXBuildFile; fileRef = 2A51228A1BFCA7EC00EB0859 /* GCD.swift */; };
		2A51228D1BFCC10500EB0859 /* UILabel+Extention.swift in Sources */ = {isa = PBXBuildFile; fileRef = 2A51228C1BFCC10500EB0859 /* UILabel+Extention.swift */; };
		2A586C651C00720000FC1B4A /* PictureShowView.swift in Sources */ = {isa = PBXBuildFile; fileRef = 2A586C641C00720000FC1B4A /* PictureShowView.swift */; };
		2A5F38551BFD5C7900813720 /* Status.swift in Sources */ = {isa = PBXBuildFile; fileRef = 2A5F38541BFD5C7900813720 /* Status.swift */; };
		2A5F38571BFD605200813720 /* User.swift in Sources */ = {isa = PBXBuildFile; fileRef = 2A5F38561BFD605200813720 /* User.swift */; };
		2A5F38591BFD6C9100813720 /* Alamofire+Extention.swift in Sources */ = {isa = PBXBuildFile; fileRef = 2A5F38581BFD6C9100813720 /* Alamofire+Extention.swift */; };
		2A5F385F1BFDB4C900813720 /* HomeViewController.swift in Sources */ = {isa = PBXBuildFile; fileRef = 2A5F385C1BFDB4C900813720 /* HomeViewController.swift */; };
		2A5F38611BFDB51500813720 /* HomeViewCell.swift in Sources */ = {isa = PBXBuildFile; fileRef = 2A5F38601BFDB51500813720 /* HomeViewCell.swift */; };
		2A5F38631BFDB9F300813720 /* StatusViewModel.swift in Sources */ = {isa = PBXBuildFile; fileRef = 2A5F38621BFDB9F300813720 /* StatusViewModel.swift */; };
		2A5F38651BFDBD6C00813720 /* HomeCellTopView.swift in Sources */ = {isa = PBXBuildFile; fileRef = 2A5F38641BFDBD6C00813720 /* HomeCellTopView.swift */; };
		2A5F38671BFDBDE200813720 /* HomeCellBottomView.swift in Sources */ = {isa = PBXBuildFile; fileRef = 2A5F38661BFDBDE200813720 /* HomeCellBottomView.swift */; };
		2A79EA861BFAD680002FB4F5 /* UIButton+Extention.swift in Sources */ = {isa = PBXBuildFile; fileRef = 2A79EA851BFAD680002FB4F5 /* UIButton+Extention.swift */; };
		F83A7C3CC60135ED4AEE2123 /* Pods.framework in Frameworks */ = {isa = PBXBuildFile; fileRef = BA6FA0ECB1521F2F9B5F02D0 /* Pods.framework */; };
/* End PBXBuildFile section */

/* Begin PBXContainerItemProxy section */
		2A4EBC081BF973AB001D770C /* PBXContainerItemProxy */ = {
			isa = PBXContainerItemProxy;
			containerPortal = 2A4EBBEB1BF973AB001D770C /* Project object */;
			proxyType = 1;
			remoteGlobalIDString = 2A4EBBF21BF973AB001D770C;
			remoteInfo = WeiBo;
		};
		2A4EBC131BF973AB001D770C /* PBXContainerItemProxy */ = {
			isa = PBXContainerItemProxy;
			containerPortal = 2A4EBBEB1BF973AB001D770C /* Project object */;
			proxyType = 1;
			remoteGlobalIDString = 2A4EBBF21BF973AB001D770C;
			remoteInfo = WeiBo;
		};
/* End PBXContainerItemProxy section */

/* Begin PBXFileReference section */
		2A19B0FF1BFBF39C005C027D /* UserAccount.swift */ = {isa = PBXFileReference; fileEncoding = 4; lastKnownFileType = sourcecode.swift; path = UserAccount.swift; sourceTree = "<group>"; };
		2A19B1041BFC0429005C027D /* UserAccountViewModel.swift */ = {isa = PBXFileReference; fileEncoding = 4; lastKnownFileType = sourcecode.swift; path = UserAccountViewModel.swift; sourceTree = "<group>"; };
		2A49C01D1BFB76CD00FA8FD6 /* OAuthViewController.swift */ = {isa = PBXFileReference; fileEncoding = 4; lastKnownFileType = sourcecode.swift; path = OAuthViewController.swift; sourceTree = "<group>"; };
		2A49C0201BFB792900FA8FD6 /* NetworkTool.swift */ = {isa = PBXFileReference; fileEncoding = 4; lastKnownFileType = sourcecode.swift; path = NetworkTool.swift; sourceTree = "<group>"; };
		2A4EBBF31BF973AB001D770C /* WeiBo.app */ = {isa = PBXFileReference; explicitFileType = wrapper.application; includeInIndex = 0; path = WeiBo.app; sourceTree = BUILT_PRODUCTS_DIR; };
		2A4EBBF61BF973AB001D770C /* AppDelegate.swift */ = {isa = PBXFileReference; lastKnownFileType = sourcecode.swift; path = AppDelegate.swift; sourceTree = "<group>"; };
		2A4EBBFD1BF973AB001D770C /* Assets.xcassets */ = {isa = PBXFileReference; lastKnownFileType = folder.assetcatalog; path = Assets.xcassets; sourceTree = "<group>"; };
		2A4EBC021BF973AB001D770C /* Info.plist */ = {isa = PBXFileReference; lastKnownFileType = text.plist.xml; path = Info.plist; sourceTree = "<group>"; };
		2A4EBC071BF973AB001D770C /* WeiBoTests.xctest */ = {isa = PBXFileReference; explicitFileType = wrapper.cfbundle; includeInIndex = 0; path = WeiBoTests.xctest; sourceTree = BUILT_PRODUCTS_DIR; };
		2A4EBC0B1BF973AB001D770C /* WeiBoTests.swift */ = {isa = PBXFileReference; lastKnownFileType = sourcecode.swift; path = WeiBoTests.swift; sourceTree = "<group>"; };
		2A4EBC0D1BF973AB001D770C /* Info.plist */ = {isa = PBXFileReference; lastKnownFileType = text.plist.xml; path = Info.plist; sourceTree = "<group>"; };
		2A4EBC121BF973AB001D770C /* WeiBoUITests.xctest */ = {isa = PBXFileReference; explicitFileType = wrapper.cfbundle; includeInIndex = 0; path = WeiBoUITests.xctest; sourceTree = BUILT_PRODUCTS_DIR; };
		2A4EBC161BF973AB001D770C /* WeiBoUITests.swift */ = {isa = PBXFileReference; lastKnownFileType = sourcecode.swift; path = WeiBoUITests.swift; sourceTree = "<group>"; };
		2A4EBC181BF973AB001D770C /* Info.plist */ = {isa = PBXFileReference; lastKnownFileType = text.plist.xml; path = Info.plist; sourceTree = "<group>"; };
		2A4EBC241BF973FE001D770C /* Podfile */ = {isa = PBXFileReference; fileEncoding = 4; lastKnownFileType = text; path = Podfile; sourceTree = "<group>"; };
		2A4EBC341BF9AC8A001D770C /* MainViewController.swift */ = {isa = PBXFileReference; fileEncoding = 4; lastKnownFileType = sourcecode.swift; path = MainViewController.swift; sourceTree = "<group>"; };
		2A4EBC411BF9B00A001D770C /* MessageViewController.swift */ = {isa = PBXFileReference; fileEncoding = 4; lastKnownFileType = sourcecode.swift; path = MessageViewController.swift; sourceTree = "<group>"; };
		2A4EBC431BF9B016001D770C /* ProfileViewController.swift */ = {isa = PBXFileReference; fileEncoding = 4; lastKnownFileType = sourcecode.swift; path = ProfileViewController.swift; sourceTree = "<group>"; };
		2A4EBC491BF9B043001D770C /* DiscoverViewController.swift */ = {isa = PBXFileReference; fileEncoding = 4; lastKnownFileType = sourcecode.swift; path = DiscoverViewController.swift; sourceTree = "<group>"; };
		2A4EBC4C1BF9C7AB001D770C /* VistorViewController.swift */ = {isa = PBXFileReference; fileEncoding = 4; lastKnownFileType = sourcecode.swift; path = VistorViewController.swift; sourceTree = "<group>"; };
		2A4EBC4F1BF9C7FA001D770C /* VistView.swift */ = {isa = PBXFileReference; fileEncoding = 4; lastKnownFileType = sourcecode.swift; path = VistView.swift; sourceTree = "<group>"; };
		2A5122811BFC38F100EB0859 /* NewFeatureViewController.swift */ = {isa = PBXFileReference; fileEncoding = 4; lastKnownFileType = sourcecode.swift; path = NewFeatureViewController.swift; sourceTree = "<group>"; };
		2A5122841BFCA15300EB0859 /* NotificationNames.swift */ = {isa = PBXFileReference; fileEncoding = 4; lastKnownFileType = sourcecode.swift; path = NotificationNames.swift; sourceTree = "<group>"; };
		2A5122871BFCA44B00EB0859 /* WelcomeViewController.swift */ = {isa = PBXFileReference; fileEncoding = 4; lastKnownFileType = sourcecode.swift; path = WelcomeViewController.swift; sourceTree = "<group>"; };
		2A51228A1BFCA7EC00EB0859 /* GCD.swift */ = {isa = PBXFileReference; fileEncoding = 4; lastKnownFileType = sourcecode.swift; path = GCD.swift; sourceTree = "<group>"; };
		2A51228C1BFCC10500EB0859 /* UILabel+Extention.swift */ = {isa = PBXFileReference; fileEncoding = 4; lastKnownFileType = sourcecode.swift; path = "UILabel+Extention.swift"; sourceTree = "<group>"; };
		2A586C641C00720000FC1B4A /* PictureShowView.swift */ = {isa = PBXFileReference; fileEncoding = 4; lastKnownFileType = sourcecode.swift; path = PictureShowView.swift; sourceTree = "<group>"; };
		2A5F38541BFD5C7900813720 /* Status.swift */ = {isa = PBXFileReference; fileEncoding = 4; lastKnownFileType = sourcecode.swift; path = Status.swift; sourceTree = "<group>"; };
		2A5F38561BFD605200813720 /* User.swift */ = {isa = PBXFileReference; fileEncoding = 4; lastKnownFileType = sourcecode.swift; path = User.swift; sourceTree = "<group>"; };
		2A5F38581BFD6C9100813720 /* Alamofire+Extention.swift */ = {isa = PBXFileReference; fileEncoding = 4; lastKnownFileType = sourcecode.swift; path = "Alamofire+Extention.swift"; sourceTree = "<group>"; };
		2A5F385C1BFDB4C900813720 /* HomeViewController.swift */ = {isa = PBXFileReference; fileEncoding = 4; lastKnownFileType = sourcecode.swift; path = HomeViewController.swift; sourceTree = "<group>"; };
		2A5F38601BFDB51500813720 /* HomeViewCell.swift */ = {isa = PBXFileReference; fileEncoding = 4; lastKnownFileType = sourcecode.swift; path = HomeViewCell.swift; sourceTree = "<group>"; };
		2A5F38621BFDB9F300813720 /* StatusViewModel.swift */ = {isa = PBXFileReference; fileEncoding = 4; lastKnownFileType = sourcecode.swift; path = StatusViewModel.swift; sourceTree = "<group>"; };
		2A5F38641BFDBD6C00813720 /* HomeCellTopView.swift */ = {isa = PBXFileReference; fileEncoding = 4; lastKnownFileType = sourcecode.swift; path = HomeCellTopView.swift; sourceTree = "<group>"; };
		2A5F38661BFDBDE200813720 /* HomeCellBottomView.swift */ = {isa = PBXFileReference; fileEncoding = 4; lastKnownFileType = sourcecode.swift; path = HomeCellBottomView.swift; sourceTree = "<group>"; };
		2A79EA851BFAD680002FB4F5 /* UIButton+Extention.swift */ = {isa = PBXFileReference; fileEncoding = 4; lastKnownFileType = sourcecode.swift; path = "UIButton+Extention.swift"; sourceTree = "<group>"; };
		9225B882A871A0523D7F33A5 /* Pods.debug.xcconfig */ = {isa = PBXFileReference; includeInIndex = 1; lastKnownFileType = text.xcconfig; name = Pods.debug.xcconfig; path = "Pods/Target Support Files/Pods/Pods.debug.xcconfig"; sourceTree = "<group>"; };
		BA6FA0ECB1521F2F9B5F02D0 /* Pods.framework */ = {isa = PBXFileReference; explicitFileType = wrapper.framework; includeInIndex = 0; path = Pods.framework; sourceTree = BUILT_PRODUCTS_DIR; };
		D2949786A0827325E3D4030F /* Pods.release.xcconfig */ = {isa = PBXFileReference; includeInIndex = 1; lastKnownFileType = text.xcconfig; name = Pods.release.xcconfig; path = "Pods/Target Support Files/Pods/Pods.release.xcconfig"; sourceTree = "<group>"; };
/* End PBXFileReference section */

/* Begin PBXFrameworksBuildPhase section */
		2A4EBBF01BF973AB001D770C /* Frameworks */ = {
			isa = PBXFrameworksBuildPhase;
			buildActionMask = 2147483647;
			files = (
				F83A7C3CC60135ED4AEE2123 /* Pods.framework in Frameworks */,
			);
			runOnlyForDeploymentPostprocessing = 0;
		};
		2A4EBC041BF973AB001D770C /* Frameworks */ = {
			isa = PBXFrameworksBuildPhase;
			buildActionMask = 2147483647;
			files = (
			);
			runOnlyForDeploymentPostprocessing = 0;
		};
		2A4EBC0F1BF973AB001D770C /* Frameworks */ = {
			isa = PBXFrameworksBuildPhase;
			buildActionMask = 2147483647;
			files = (
			);
			runOnlyForDeploymentPostprocessing = 0;
		};
/* End PBXFrameworksBuildPhase section */

/* Begin PBXGroup section */
		005E5CFC107C9A05E391372F /* Pods */ = {
			isa = PBXGroup;
			children = (
				9225B882A871A0523D7F33A5 /* Pods.debug.xcconfig */,
				D2949786A0827325E3D4030F /* Pods.release.xcconfig */,
			);
			name = Pods;
			sourceTree = "<group>";
		};
		2A19B0F71BFBF0FC005C027D /* Model */ = {
			isa = PBXGroup;
			children = (
				2A19B0FF1BFBF39C005C027D /* UserAccount.swift */,
				2A5F38541BFD5C7900813720 /* Status.swift */,
				2A5F38561BFD605200813720 /* User.swift */,
			);
			path = Model;
			sourceTree = "<group>";
		};
		2A19B1031BFC0411005C027D /* ViewModel */ = {
			isa = PBXGroup;
			children = (
				2A19B1041BFC0429005C027D /* UserAccountViewModel.swift */,
				2A5F38621BFDB9F300813720 /* StatusViewModel.swift */,
			);
			path = ViewModel;
			sourceTree = "<group>";
		};
		2A49C01A1BFB769D00FA8FD6 /* OAuth */ = {
			isa = PBXGroup;
			children = (
				2A49C01D1BFB76CD00FA8FD6 /* OAuthViewController.swift */,
			);
			path = OAuth;
			sourceTree = "<group>";
		};
		2A49C01F1BFB791A00FA8FD6 /* Tools */ = {
			isa = PBXGroup;
			children = (
				2A49C0201BFB792900FA8FD6 /* NetworkTool.swift */,
			);
			path = Tools;
			sourceTree = "<group>";
		};
		2A4EBBEA1BF973AB001D770C = {
			isa = PBXGroup;
			children = (
				2A4EBC241BF973FE001D770C /* Podfile */,
				2A4EBBF51BF973AB001D770C /* WeiBo */,
				2A4EBC0A1BF973AB001D770C /* WeiBoTests */,
				2A4EBC151BF973AB001D770C /* WeiBoUITests */,
				2A4EBBF41BF973AB001D770C /* Products */,
				005E5CFC107C9A05E391372F /* Pods */,
				8981954707032BE5825F0E74 /* Frameworks */,
			);
			sourceTree = "<group>";
		};
		2A4EBBF41BF973AB001D770C /* Products */ = {
			isa = PBXGroup;
			children = (
				2A4EBBF31BF973AB001D770C /* WeiBo.app */,
				2A4EBC071BF973AB001D770C /* WeiBoTests.xctest */,
				2A4EBC121BF973AB001D770C /* WeiBoUITests.xctest */,
			);
			name = Products;
			sourceTree = "<group>";
		};
		2A4EBBF51BF973AB001D770C /* WeiBo */ = {
			isa = PBXGroup;
			children = (
				2A4EBC281BF9A9F4001D770C /* Classes */,
				2A4EBBF61BF973AB001D770C /* AppDelegate.swift */,
				2A4EBBFD1BF973AB001D770C /* Assets.xcassets */,
				2A4EBC021BF973AB001D770C /* Info.plist */,
			);
			path = WeiBo;
			sourceTree = "<group>";
		};
		2A4EBC0A1BF973AB001D770C /* WeiBoTests */ = {
			isa = PBXGroup;
			children = (
				2A4EBC0B1BF973AB001D770C /* WeiBoTests.swift */,
				2A4EBC0D1BF973AB001D770C /* Info.plist */,
			);
			path = WeiBoTests;
			sourceTree = "<group>";
		};
		2A4EBC151BF973AB001D770C /* WeiBoUITests */ = {
			isa = PBXGroup;
			children = (
				2A4EBC161BF973AB001D770C /* WeiBoUITests.swift */,
				2A4EBC181BF973AB001D770C /* Info.plist */,
			);
			path = WeiBoUITests;
			sourceTree = "<group>";
		};
		2A4EBC281BF9A9F4001D770C /* Classes */ = {
			isa = PBXGroup;
			children = (
				2A4EBC291BF9A9F4001D770C /* General */,
				2A4EBC2A1BF9A9F4001D770C /* Sections */,
			);
			path = Classes;
			sourceTree = "<group>";
		};
		2A4EBC291BF9A9F4001D770C /* General */ = {
			isa = PBXGroup;
			children = (
				2A5122891BFCA7E400EB0859 /* GCD */,
				2A5122831BFCA14300EB0859 /* NotificationNames */,
				2A19B1031BFC0411005C027D /* ViewModel */,
				2A19B0F71BFBF0FC005C027D /* Model */,
				2A49C01F1BFB791A00FA8FD6 /* Tools */,
				2A79EA841BFAD66C002FB4F5 /* Extention */,
				2A4EBC331BF9AA83001D770C /* Tools */,
			);
			path = General;
			sourceTree = "<group>";
		};
		2A4EBC2A1BF9A9F4001D770C /* Sections */ = {
			isa = PBXGroup;
			children = (
				2A49C01A1BFB769D00FA8FD6 /* OAuth */,
				2A4EBC2B1BF9A9F4001D770C /* Discover */,
				2A4EBC2C1BF9A9F4001D770C /* Home */,
				2A4EBC2D1BF9A9F4001D770C /* Main */,
				2A4EBC2E1BF9A9F4001D770C /* Message */,
				2A4EBC301BF9A9F4001D770C /* Profile */,
			);
			path = Sections;
			sourceTree = "<group>";
		};
		2A4EBC2B1BF9A9F4001D770C /* Discover */ = {
			isa = PBXGroup;
			children = (
				2A4EBC491BF9B043001D770C /* DiscoverViewController.swift */,
			);
			path = Discover;
			sourceTree = "<group>";
		};
		2A4EBC2C1BF9A9F4001D770C /* Home */ = {
			isa = PBXGroup;
			children = (
				2A5F385A1BFDB4C900813720 /* Controller */,
				2A5F385D1BFDB4C900813720 /* View */,
			);
			path = Home;
			sourceTree = "<group>";
		};
		2A4EBC2D1BF9A9F4001D770C /* Main */ = {
			isa = PBXGroup;
			children = (
				2A5122861BFCA43300EB0859 /* Welcome */,
				2A5122801BFC38CE00EB0859 /* NewFeature */,
				2A4EBC361BF9AE08001D770C /* Vistor */,
				2A4EBC341BF9AC8A001D770C /* MainViewController.swift */,
			);
			path = Main;
			sourceTree = "<group>";
		};
		2A4EBC2E1BF9A9F4001D770C /* Message */ = {
			isa = PBXGroup;
			children = (
				2A4EBC411BF9B00A001D770C /* MessageViewController.swift */,
			);
			path = Message;
			sourceTree = "<group>";
		};
		2A4EBC301BF9A9F4001D770C /* Profile */ = {
			isa = PBXGroup;
			children = (
				2A4EBC431BF9B016001D770C /* ProfileViewController.swift */,
			);
			path = Profile;
			sourceTree = "<group>";
		};
		2A4EBC331BF9AA83001D770C /* Tools */ = {
			isa = PBXGroup;
			children = (
			);
			path = Tools;
			sourceTree = "<group>";
		};
		2A4EBC361BF9AE08001D770C /* Vistor */ = {
			isa = PBXGroup;
			children = (
				2A4EBC4E1BF9C7B6001D770C /* View */,
				2A4EBC4B1BF9C7AB001D770C /* Controller */,
			);
			path = Vistor;
			sourceTree = "<group>";
		};
		2A4EBC4B1BF9C7AB001D770C /* Controller */ = {
			isa = PBXGroup;
			children = (
				2A4EBC4C1BF9C7AB001D770C /* VistorViewController.swift */,
			);
			path = Controller;
			sourceTree = "<group>";
		};
		2A4EBC4E1BF9C7B6001D770C /* View */ = {
			isa = PBXGroup;
			children = (
				2A4EBC4F1BF9C7FA001D770C /* VistView.swift */,
			);
			path = View;
			sourceTree = "<group>";
		};
		2A5122801BFC38CE00EB0859 /* NewFeature */ = {
			isa = PBXGroup;
			children = (
				2A5122811BFC38F100EB0859 /* NewFeatureViewController.swift */,
			);
			path = NewFeature;
			sourceTree = "<group>";
		};
		2A5122831BFCA14300EB0859 /* NotificationNames */ = {
			isa = PBXGroup;
			children = (
				2A5122841BFCA15300EB0859 /* NotificationNames.swift */,
			);
			path = NotificationNames;
			sourceTree = "<group>";
		};
		2A5122861BFCA43300EB0859 /* Welcome */ = {
			isa = PBXGroup;
			children = (
				2A5122871BFCA44B00EB0859 /* WelcomeViewController.swift */,
			);
			path = Welcome;
			sourceTree = "<group>";
		};
		2A5122891BFCA7E400EB0859 /* GCD */ = {
			isa = PBXGroup;
			children = (
				2A51228A1BFCA7EC00EB0859 /* GCD.swift */,
			);
			path = GCD;
			sourceTree = "<group>";
		};
		2A5F385A1BFDB4C900813720 /* Controller */ = {
			isa = PBXGroup;
			children = (
				2A5F385C1BFDB4C900813720 /* HomeViewController.swift */,
			);
			path = Controller;
			sourceTree = "<group>";
		};
		2A5F385D1BFDB4C900813720 /* View */ = {
			isa = PBXGroup;
			children = (
				2A5F38601BFDB51500813720 /* HomeViewCell.swift */,
				2A5F38641BFDBD6C00813720 /* HomeCellTopView.swift */,
				2A5F38661BFDBDE200813720 /* HomeCellBottomView.swift */,
				2A586C641C00720000FC1B4A /* PictureShowView.swift */,
			);
			path = View;
			sourceTree = "<group>";
		};
		2A79EA841BFAD66C002FB4F5 /* Extention */ = {
			isa = PBXGroup;
			children = (
				2A79EA851BFAD680002FB4F5 /* UIButton+Extention.swift */,
				2A51228C1BFCC10500EB0859 /* UILabel+Extention.swift */,
				2A5F38581BFD6C9100813720 /* Alamofire+Extention.swift */,
			);
			path = Extention;
			sourceTree = "<group>";
		};
		8981954707032BE5825F0E74 /* Frameworks */ = {
			isa = PBXGroup;
			children = (
				BA6FA0ECB1521F2F9B5F02D0 /* Pods.framework */,
			);
			name = Frameworks;
			sourceTree = "<group>";
		};
/* End PBXGroup section */

/* Begin PBXNativeTarget section */
		2A4EBBF21BF973AB001D770C /* WeiBo */ = {
			isa = PBXNativeTarget;
			buildConfigurationList = 2A4EBC1B1BF973AB001D770C /* Build configuration list for PBXNativeTarget "WeiBo" */;
			buildPhases = (
				8BF3403F2E2292230250980F /* Check Pods Manifest.lock */,
				2A4EBBEF1BF973AB001D770C /* Sources */,
				2A4EBBF01BF973AB001D770C /* Frameworks */,
				2A4EBBF11BF973AB001D770C /* Resources */,
				3CCF52DED8B17A5F277AEA72 /* Embed Pods Frameworks */,
				188FF5810386AF1161E0152C /* Copy Pods Resources */,
			);
			buildRules = (
			);
			dependencies = (
			);
			name = WeiBo;
			productName = WeiBo;
			productReference = 2A4EBBF31BF973AB001D770C /* WeiBo.app */;
			productType = "com.apple.product-type.application";
		};
		2A4EBC061BF973AB001D770C /* WeiBoTests */ = {
			isa = PBXNativeTarget;
			buildConfigurationList = 2A4EBC1E1BF973AB001D770C /* Build configuration list for PBXNativeTarget "WeiBoTests" */;
			buildPhases = (
				2A4EBC031BF973AB001D770C /* Sources */,
				2A4EBC041BF973AB001D770C /* Frameworks */,
				2A4EBC051BF973AB001D770C /* Resources */,
			);
			buildRules = (
			);
			dependencies = (
				2A4EBC091BF973AB001D770C /* PBXTargetDependency */,
			);
			name = WeiBoTests;
			productName = WeiBoTests;
			productReference = 2A4EBC071BF973AB001D770C /* WeiBoTests.xctest */;
			productType = "com.apple.product-type.bundle.unit-test";
		};
		2A4EBC111BF973AB001D770C /* WeiBoUITests */ = {
			isa = PBXNativeTarget;
			buildConfigurationList = 2A4EBC211BF973AB001D770C /* Build configuration list for PBXNativeTarget "WeiBoUITests" */;
			buildPhases = (
				2A4EBC0E1BF973AB001D770C /* Sources */,
				2A4EBC0F1BF973AB001D770C /* Frameworks */,
				2A4EBC101BF973AB001D770C /* Resources */,
			);
			buildRules = (
			);
			dependencies = (
				2A4EBC141BF973AB001D770C /* PBXTargetDependency */,
			);
			name = WeiBoUITests;
			productName = WeiBoUITests;
			productReference = 2A4EBC121BF973AB001D770C /* WeiBoUITests.xctest */;
			productType = "com.apple.product-type.bundle.ui-testing";
		};
/* End PBXNativeTarget section */

/* Begin PBXProject section */
		2A4EBBEB1BF973AB001D770C /* Project object */ = {
			isa = PBXProject;
			attributes = {
				LastSwiftUpdateCheck = 0710;
				LastUpgradeCheck = 0710;
				ORGANIZATIONNAME = Cjfire;
				TargetAttributes = {
					2A4EBBF21BF973AB001D770C = {
						CreatedOnToolsVersion = 7.1.1;
					};
					2A4EBC061BF973AB001D770C = {
						CreatedOnToolsVersion = 7.1.1;
						TestTargetID = 2A4EBBF21BF973AB001D770C;
					};
					2A4EBC111BF973AB001D770C = {
						CreatedOnToolsVersion = 7.1.1;
						TestTargetID = 2A4EBBF21BF973AB001D770C;
					};
				};
			};
			buildConfigurationList = 2A4EBBEE1BF973AB001D770C /* Build configuration list for PBXProject "WeiBo" */;
			compatibilityVersion = "Xcode 3.2";
			developmentRegion = English;
			hasScannedForEncodings = 0;
			knownRegions = (
				en,
				Base,
			);
			mainGroup = 2A4EBBEA1BF973AB001D770C;
			productRefGroup = 2A4EBBF41BF973AB001D770C /* Products */;
			projectDirPath = "";
			projectRoot = "";
			targets = (
				2A4EBBF21BF973AB001D770C /* WeiBo */,
				2A4EBC061BF973AB001D770C /* WeiBoTests */,
				2A4EBC111BF973AB001D770C /* WeiBoUITests */,
			);
		};
/* End PBXProject section */

/* Begin PBXResourcesBuildPhase section */
		2A4EBBF11BF973AB001D770C /* Resources */ = {
			isa = PBXResourcesBuildPhase;
			buildActionMask = 2147483647;
			files = (
				2A4EBBFE1BF973AB001D770C /* Assets.xcassets in Resources */,
				2A4EBC251BF973FE001D770C /* Podfile in Resources */,
			);
			runOnlyForDeploymentPostprocessing = 0;
		};
		2A4EBC051BF973AB001D770C /* Resources */ = {
			isa = PBXResourcesBuildPhase;
			buildActionMask = 2147483647;
			files = (
			);
			runOnlyForDeploymentPostprocessing = 0;
		};
		2A4EBC101BF973AB001D770C /* Resources */ = {
			isa = PBXResourcesBuildPhase;
			buildActionMask = 2147483647;
			files = (
			);
			runOnlyForDeploymentPostprocessing = 0;
		};
/* End PBXResourcesBuildPhase section */

/* Begin PBXShellScriptBuildPhase section */
		188FF5810386AF1161E0152C /* Copy Pods Resources */ = {
			isa = PBXShellScriptBuildPhase;
			buildActionMask = 2147483647;
			files = (
			);
			inputPaths = (
			);
			name = "Copy Pods Resources";
			outputPaths = (
			);
			runOnlyForDeploymentPostprocessing = 0;
			shellPath = /bin/sh;
			shellScript = "\"${SRCROOT}/Pods/Target Support Files/Pods/Pods-resources.sh\"\n";
			showEnvVarsInLog = 0;
		};
		3CCF52DED8B17A5F277AEA72 /* Embed Pods Frameworks */ = {
			isa = PBXShellScriptBuildPhase;
			buildActionMask = 2147483647;
			files = (
			);
			inputPaths = (
			);
			name = "Embed Pods Frameworks";
			outputPaths = (
			);
			runOnlyForDeploymentPostprocessing = 0;
			shellPath = /bin/sh;
			shellScript = "\"${SRCROOT}/Pods/Target Support Files/Pods/Pods-frameworks.sh\"\n";
			showEnvVarsInLog = 0;
		};
		8BF3403F2E2292230250980F /* Check Pods Manifest.lock */ = {
			isa = PBXShellScriptBuildPhase;
			buildActionMask = 2147483647;
			files = (
			);
			inputPaths = (
			);
			name = "Check Pods Manifest.lock";
			outputPaths = (
			);
			runOnlyForDeploymentPostprocessing = 0;
			shellPath = /bin/sh;
			shellScript = "diff \"${PODS_ROOT}/../Podfile.lock\" \"${PODS_ROOT}/Manifest.lock\" > /dev/null\nif [[ $? != 0 ]] ; then\n    cat << EOM\nerror: The sandbox is not in sync with the Podfile.lock. Run 'pod install' or update your CocoaPods installation.\nEOM\n    exit 1\nfi\n";
			showEnvVarsInLog = 0;
		};
/* End PBXShellScriptBuildPhase section */

/* Begin PBXSourcesBuildPhase section */
		2A4EBBEF1BF973AB001D770C /* Sources */ = {
			isa = PBXSourcesBuildPhase;
			buildActionMask = 2147483647;
			files = (
				2A19B1051BFC0429005C027D /* UserAccountViewModel.swift in Sources */,
				2A5122881BFCA44B00EB0859 /* WelcomeViewController.swift in Sources */,
				2A586C651C00720000FC1B4A /* PictureShowView.swift in Sources */,
				2A5F38671BFDBDE200813720 /* HomeCellBottomView.swift in Sources */,
				2A49C0211BFB792900FA8FD6 /* NetworkTool.swift in Sources */,
				2A4EBC441BF9B016001D770C /* ProfileViewController.swift in Sources */,
				2A79EA861BFAD680002FB4F5 /* UIButton+Extention.swift in Sources */,
				2A5F38611BFDB51500813720 /* HomeViewCell.swift in Sources */,
				2A5F385F1BFDB4C900813720 /* HomeViewController.swift in Sources */,
				2A4EBBF71BF973AB001D770C /* AppDelegate.swift in Sources */,
				2A4EBC501BF9C7FA001D770C /* VistView.swift in Sources */,
				2A5122821BFC38F100EB0859 /* NewFeatureViewController.swift in Sources */,
				2A5F38571BFD605200813720 /* User.swift in Sources */,
				2A5122851BFCA15300EB0859 /* NotificationNames.swift in Sources */,
				2A49C01E1BFB76CD00FA8FD6 /* OAuthViewController.swift in Sources */,
				2A4EBC4A1BF9B043001D770C /* DiscoverViewController.swift in Sources */,
				2A4EBC351BF9AC8A001D770C /* MainViewController.swift in Sources */,
				2A19B1001BFBF39C005C027D /* UserAccount.swift in Sources */,
				2A4EBC4D1BF9C7AB001D770C /* VistorViewController.swift in Sources */,
				2A5F38631BFDB9F300813720 /* StatusViewModel.swift in Sources */,
				2A5F38591BFD6C9100813720 /* Alamofire+Extention.swift in Sources */,
				2A51228B1BFCA7EC00EB0859 /* GCD.swift in Sources */,
				2A4EBC421BF9B00A001D770C /* MessageViewController.swift in Sources */,
				2A5F38551BFD5C7900813720 /* Status.swift in Sources */,
				2A51228D1BFCC10500EB0859 /* UILabel+Extention.swift in Sources */,
				2A5F38651BFDBD6C00813720 /* HomeCellTopView.swift in Sources */,
			);
			runOnlyForDeploymentPostprocessing = 0;
		};
		2A4EBC031BF973AB001D770C /* Sources */ = {
			isa = PBXSourcesBuildPhase;
			buildActionMask = 2147483647;
			files = (
				2A4EBC0C1BF973AB001D770C /* WeiBoTests.swift in Sources */,
			);
			runOnlyForDeploymentPostprocessing = 0;
		};
		2A4EBC0E1BF973AB001D770C /* Sources */ = {
			isa = PBXSourcesBuildPhase;
			buildActionMask = 2147483647;
			files = (
				2A4EBC171BF973AB001D770C /* WeiBoUITests.swift in Sources */,
			);
			runOnlyForDeploymentPostprocessing = 0;
		};
/* End PBXSourcesBuildPhase section */

/* Begin PBXTargetDependency section */
		2A4EBC091BF973AB001D770C /* PBXTargetDependency */ = {
			isa = PBXTargetDependency;
			target = 2A4EBBF21BF973AB001D770C /* WeiBo */;
			targetProxy = 2A4EBC081BF973AB001D770C /* PBXContainerItemProxy */;
		};
		2A4EBC141BF973AB001D770C /* PBXTargetDependency */ = {
			isa = PBXTargetDependency;
			target = 2A4EBBF21BF973AB001D770C /* WeiBo */;
			targetProxy = 2A4EBC131BF973AB001D770C /* PBXContainerItemProxy */;
		};
/* End PBXTargetDependency section */

/* Begin XCBuildConfiguration section */
		2A4EBC191BF973AB001D770C /* Debug */ = {
			isa = XCBuildConfiguration;
			buildSettings = {
				ALWAYS_SEARCH_USER_PATHS = NO;
				CLANG_CXX_LANGUAGE_STANDARD = "gnu++0x";
				CLANG_CXX_LIBRARY = "libc++";
				CLANG_ENABLE_MODULES = YES;
				CLANG_ENABLE_OBJC_ARC = YES;
				CLANG_WARN_BOOL_CONVERSION = YES;
				CLANG_WARN_CONSTANT_CONVERSION = YES;
				CLANG_WARN_DIRECT_OBJC_ISA_USAGE = YES_ERROR;
				CLANG_WARN_EMPTY_BODY = YES;
				CLANG_WARN_ENUM_CONVERSION = YES;
				CLANG_WARN_INT_CONVERSION = YES;
				CLANG_WARN_OBJC_ROOT_CLASS = YES_ERROR;
				CLANG_WARN_UNREACHABLE_CODE = YES;
				CLANG_WARN__DUPLICATE_METHOD_MATCH = YES;
				"CODE_SIGN_IDENTITY[sdk=iphoneos*]" = "iPhone Developer";
				COPY_PHASE_STRIP = NO;
				DEBUG_INFORMATION_FORMAT = dwarf;
				ENABLE_STRICT_OBJC_MSGSEND = YES;
				ENABLE_TESTABILITY = YES;
				GCC_C_LANGUAGE_STANDARD = gnu99;
				GCC_DYNAMIC_NO_PIC = NO;
				GCC_NO_COMMON_BLOCKS = YES;
				GCC_OPTIMIZATION_LEVEL = 0;
				GCC_PREPROCESSOR_DEFINITIONS = (
					"DEBUG=1",
					"$(inherited)",
				);
				GCC_WARN_64_TO_32_BIT_CONVERSION = YES;
				GCC_WARN_ABOUT_RETURN_TYPE = YES_ERROR;
				GCC_WARN_UNDECLARED_SELECTOR = YES;
				GCC_WARN_UNINITIALIZED_AUTOS = YES_AGGRESSIVE;
				GCC_WARN_UNUSED_FUNCTION = YES;
				GCC_WARN_UNUSED_VARIABLE = YES;
				IPHONEOS_DEPLOYMENT_TARGET = 9.1;
				MTL_ENABLE_DEBUG_INFO = YES;
				ONLY_ACTIVE_ARCH = YES;
				SDKROOT = iphoneos;
				SWIFT_OPTIMIZATION_LEVEL = "-Onone";
			};
			name = Debug;
		};
		2A4EBC1A1BF973AB001D770C /* Release */ = {
			isa = XCBuildConfiguration;
			buildSettings = {
				ALWAYS_SEARCH_USER_PATHS = NO;
				CLANG_CXX_LANGUAGE_STANDARD = "gnu++0x";
				CLANG_CXX_LIBRARY = "libc++";
				CLANG_ENABLE_MODULES = YES;
				CLANG_ENABLE_OBJC_ARC = YES;
				CLANG_WARN_BOOL_CONVERSION = YES;
				CLANG_WARN_CONSTANT_CONVERSION = YES;
				CLANG_WARN_DIRECT_OBJC_ISA_USAGE = YES_ERROR;
				CLANG_WARN_EMPTY_BODY = YES;
				CLANG_WARN_ENUM_CONVERSION = YES;
				CLANG_WARN_INT_CONVERSION = YES;
				CLANG_WARN_OBJC_ROOT_CLASS = YES_ERROR;
				CLANG_WARN_UNREACHABLE_CODE = YES;
				CLANG_WARN__DUPLICATE_METHOD_MATCH = YES;
				"CODE_SIGN_IDENTITY[sdk=iphoneos*]" = "iPhone Developer";
				COPY_PHASE_STRIP = NO;
				DEBUG_INFORMATION_FORMAT = "dwarf-with-dsym";
				ENABLE_NS_ASSERTIONS = NO;
				ENABLE_STRICT_OBJC_MSGSEND = YES;
				GCC_C_LANGUAGE_STANDARD = gnu99;
				GCC_NO_COMMON_BLOCKS = YES;
				GCC_WARN_64_TO_32_BIT_CONVERSION = YES;
				GCC_WARN_ABOUT_RETURN_TYPE = YES_ERROR;
				GCC_WARN_UNDECLARED_SELECTOR = YES;
				GCC_WARN_UNINITIALIZED_AUTOS = YES_AGGRESSIVE;
				GCC_WARN_UNUSED_FUNCTION = YES;
				GCC_WARN_UNUSED_VARIABLE = YES;
				IPHONEOS_DEPLOYMENT_TARGET = 9.1;
				MTL_ENABLE_DEBUG_INFO = NO;
				SDKROOT = iphoneos;
				VALIDATE_PRODUCT = YES;
			};
			name = Release;
		};
		2A4EBC1C1BF973AB001D770C /* Debug */ = {
			isa = XCBuildConfiguration;
			baseConfigurationReference = 9225B882A871A0523D7F33A5 /* Pods.debug.xcconfig */;
			buildSettings = {
				ASSETCATALOG_COMPILER_APPICON_NAME = AppIcon;
				ASSETCATALOG_COMPILER_LAUNCHIMAGE_NAME = BrandAsset;
				INFOPLIST_FILE = WeiBo/Info.plist;
				LD_RUNPATH_SEARCH_PATHS = "$(inherited) @executable_path/Frameworks";
				PRODUCT_BUNDLE_IDENTIFIER = com.cjfire.WeiBo;
				PRODUCT_NAME = "$(TARGET_NAME)";
			};
			name = Debug;
		};
		2A4EBC1D1BF973AB001D770C /* Release */ = {
			isa = XCBuildConfiguration;
			baseConfigurationReference = D2949786A0827325E3D4030F /* Pods.release.xcconfig */;
			buildSettings = {
				ASSETCATALOG_COMPILER_APPICON_NAME = AppIcon;
				ASSETCATALOG_COMPILER_LAUNCHIMAGE_NAME = BrandAsset;
				INFOPLIST_FILE = WeiBo/Info.plist;
				LD_RUNPATH_SEARCH_PATHS = "$(inherited) @executable_path/Frameworks";
				PRODUCT_BUNDLE_IDENTIFIER = com.cjfire.WeiBo;
				PRODUCT_NAME = "$(TARGET_NAME)";
			};
			name = Release;
		};
		2A4EBC1F1BF973AB001D770C /* Debug */ = {
			isa = XCBuildConfiguration;
			buildSettings = {
				BUNDLE_LOADER = "$(TEST_HOST)";
				INFOPLIST_FILE = WeiBoTests/Info.plist;
				LD_RUNPATH_SEARCH_PATHS = "$(inherited) @executable_path/Frameworks @loader_path/Frameworks";
				PRODUCT_BUNDLE_IDENTIFIER = com.cjfire.WeiBoTests;
				PRODUCT_NAME = "$(TARGET_NAME)";
				TEST_HOST = "$(BUILT_PRODUCTS_DIR)/WeiBo.app/WeiBo";
			};
			name = Debug;
		};
		2A4EBC201BF973AB001D770C /* Release */ = {
			isa = XCBuildConfiguration;
			buildSettings = {
				BUNDLE_LOADER = "$(TEST_HOST)";
				INFOPLIST_FILE = WeiBoTests/Info.plist;
				LD_RUNPATH_SEARCH_PATHS = "$(inherited) @executable_path/Frameworks @loader_path/Frameworks";
				PRODUCT_BUNDLE_IDENTIFIER = com.cjfire.WeiBoTests;
				PRODUCT_NAME = "$(TARGET_NAME)";
				TEST_HOST = "$(BUILT_PRODUCTS_DIR)/WeiBo.app/WeiBo";
			};
			name = Release;
		};
		2A4EBC221BF973AB001D770C /* Debug */ = {
			isa = XCBuildConfiguration;
			buildSettings = {
				INFOPLIST_FILE = WeiBoUITests/Info.plist;
				LD_RUNPATH_SEARCH_PATHS = "$(inherited) @executable_path/Frameworks @loader_path/Frameworks";
				PRODUCT_BUNDLE_IDENTIFIER = com.cjfire.WeiBoUITests;
				PRODUCT_NAME = "$(TARGET_NAME)";
				TEST_TARGET_NAME = WeiBo;
				USES_XCTRUNNER = YES;
			};
			name = Debug;
		};
		2A4EBC231BF973AB001D770C /* Release */ = {
			isa = XCBuildConfiguration;
			buildSettings = {
				INFOPLIST_FILE = WeiBoUITests/Info.plist;
				LD_RUNPATH_SEARCH_PATHS = "$(inherited) @executable_path/Frameworks @loader_path/Frameworks";
				PRODUCT_BUNDLE_IDENTIFIER = com.cjfire.WeiBoUITests;
				PRODUCT_NAME = "$(TARGET_NAME)";
				TEST_TARGET_NAME = WeiBo;
				USES_XCTRUNNER = YES;
			};
			name = Release;
		};
/* End XCBuildConfiguration section */

/* Begin XCConfigurationList section */
		2A4EBBEE1BF973AB001D770C /* Build configuration list for PBXProject "WeiBo" */ = {
			isa = XCConfigurationList;
			buildConfigurations = (
				2A4EBC191BF973AB001D770C /* Debug */,
				2A4EBC1A1BF973AB001D770C /* Release */,
			);
			defaultConfigurationIsVisible = 0;
			defaultConfigurationName = Release;
		};
		2A4EBC1B1BF973AB001D770C /* Build configuration list for PBXNativeTarget "WeiBo" */ = {
			isa = XCConfigurationList;
			buildConfigurations = (
				2A4EBC1C1BF973AB001D770C /* Debug */,
				2A4EBC1D1BF973AB001D770C /* Release */,
			);
			defaultConfigurationIsVisible = 0;
			defaultConfigurationName = Release;
		};
		2A4EBC1E1BF973AB001D770C /* Build configuration list for PBXNativeTarget "WeiBoTests" */ = {
			isa = XCConfigurationList;
			buildConfigurations = (
				2A4EBC1F1BF973AB001D770C /* Debug */,
				2A4EBC201BF973AB001D770C /* Release */,
			);
			defaultConfigurationIsVisible = 0;
			defaultConfigurationName = Release;
		};
		2A4EBC211BF973AB001D770C /* Build configuration list for PBXNativeTarget "WeiBoUITests" */ = {
			isa = XCConfigurationList;
			buildConfigurations = (
				2A4EBC221BF973AB001D770C /* Debug */,
				2A4EBC231BF973AB001D770C /* Release */,
			);
			defaultConfigurationIsVisible = 0;
			defaultConfigurationName = Release;
		};
/* End XCConfigurationList section */
	};
	rootObject = 2A4EBBEB1BF973AB001D770C /* Project object */;
}
