// !$*UTF8*$!
{
	archiveVersion = 1;
	classes = {
	};
	objectVersion = 46;
	objects = {

/* Begin PBXBuildFile section */
		2A4EBBF71BF973AB001D770C /* AppDelegate.swift in Sources */ = {isa = PBXBuildFile; fileRef = 2A4EBBF61BF973AB001D770C /* AppDelegate.swift */; };
		2A4EBBF91BF973AB001D770C /* ViewController.swift in Sources */ = {isa = PBXBuildFile; fileRef = 2A4EBBF81BF973AB001D770C /* ViewController.swift */; };
		2A4EBBFC1BF973AB001D770C /* Main.storyboard in Resources */ = {isa = PBXBuildFile; fileRef = 2A4EBBFA1BF973AB001D770C /* Main.storyboard */; };
		2A4EBBFE1BF973AB001D770C /* Assets.xcassets in Resources */ = {isa = PBXBuildFile; fileRef = 2A4EBBFD1BF973AB001D770C /* Assets.xcassets */; };
		2A4EBC011BF973AB001D770C /* LaunchScreen.storyboard in Resources */ = {isa = PBXBuildFile; fileRef = 2A4EBBFF1BF973AB001D770C /* LaunchScreen.storyboard */; };
		2A4EBC0C1BF973AB001D770C /* WeiBoTests.swift in Sources */ = {isa = PBXBuildFile; fileRef = 2A4EBC0B1BF973AB001D770C /* WeiBoTests.swift */; };
		2A4EBC171BF973AB001D770C /* WeiBoUITests.swift in Sources */ = {isa = PBXBuildFile; fileRef = 2A4EBC161BF973AB001D770C /* WeiBoUITests.swift */; };
		2A4EBC251BF973FE001D770C /* Podfile in Resources */ = {isa = PBXBuildFile; fileRef = 2A4EBC241BF973FE001D770C /* Podfile */; };
		F83A7C3CC60135ED4AEE2123 /* Pods.framework in Frameworks */ = {isa = PBXBuildFile; fileRef = BA6FA0ECB1521F2F9B5F02D0 /* Pods.framework */; };
/* End PBXBuildFile section */

/* Begin PBXContainerItemProxy section */
		2A4EBC081BF973AB001D770C /* PBXContainerItemProxy */ = {
			isa = PBXContainerItemProxy;
			containerPortal = 2A4EBBEB1BF973AB001D770C /* Project object */;
			proxyType = 1;
			remoteGlobalIDString = 2A4EBBF21BF973AB001D770C;
			remoteInfo = WeiBo;
		};
		2A4EBC131BF973AB001D770C /* PBXContainerItemProxy */ = {
			isa = PBXContainerItemProxy;
			containerPortal = 2A4EBBEB1BF973AB001D770C /* Project object */;
			proxyType = 1;
			remoteGlobalIDString = 2A4EBBF21BF973AB001D770C;
			remoteInfo = WeiBo;
		};
/* End PBXContainerItemProxy section */

/* Begin PBXFileReference section */
		2A4EBBF31BF973AB001D770C /* WeiBo.app */ = {isa = PBXFileReference; explicitFileType = wrapper.application; includeInIndex = 0; path = WeiBo.app; sourceTree = BUILT_PRODUCTS_DIR; };
		2A4EBBF61BF973AB001D770C /* AppDelegate.swift */ = {isa = PBXFileReference; lastKnownFileType = sourcecode.swift; path = AppDelegate.swift; sourceTree = "<group>"; };
		2A4EBBF81BF973AB001D770C /* ViewController.swift */ = {isa = PBXFileReference; lastKnownFileType = sourcecode.swift; path = ViewController.swift; sourceTree = "<group>"; };
		2A4EBBFB1BF973AB001D770C /* Base */ = {isa = PBXFileReference; lastKnownFileType = file.storyboard; name = Base; path = Base.lproj/Main.storyboard; sourceTree = "<group>"; };
		2A4EBBFD1BF973AB001D770C /* Assets.xcassets */ = {isa = PBXFileReference; lastKnownFileType = folder.assetcatalog; path = Assets.xcassets; sourceTree = "<group>"; };
		2A4EBC001BF973AB001D770C /* Base */ = {isa = PBXFileReference; lastKnownFileType = file.storyboard; name = Base; path = Base.lproj/LaunchScreen.storyboard; sourceTree = "<group>"; };
		2A4EBC021BF973AB001D770C /* Info.plist */ = {isa = PBXFileReference; lastKnownFileType = text.plist.xml; path = Info.plist; sourceTree = "<group>"; };
		2A4EBC071BF973AB001D770C /* WeiBoTests.xctest */ = {isa = PBXFileReference; explicitFileType = wrapper.cfbundle; includeInIndex = 0; path = WeiBoTests.xctest; sourceTree = BUILT_PRODUCTS_DIR; };
		2A4EBC0B1BF973AB001D770C /* WeiBoTests.swift */ = {isa = PBXFileReference; lastKnownFileType = sourcecode.swift; path = WeiBoTests.swift; sourceTree = "<group>"; };
		2A4EBC0D1BF973AB001D770C /* Info.plist */ = {isa = PBXFileReference; lastKnownFileType = text.plist.xml; path = Info.plist; sourceTree = "<group>"; };
		2A4EBC121BF973AB001D770C /* WeiBoUITests.xctest */ = {isa = PBXFileReference; explicitFileType = wrapper.cfbundle; includeInIndex = 0; path = WeiBoUITests.xctest; sourceTree = BUILT_PRODUCTS_DIR; };
		2A4EBC161BF973AB001D770C /* WeiBoUITests.swift */ = {isa = PBXFileReference; lastKnownFileType = sourcecode.swift; path = WeiBoUITests.swift; sourceTree = "<group>"; };
		2A4EBC181BF973AB001D770C /* Info.plist */ = {isa = PBXFileReference; lastKnownFileType = text.plist.xml; path = Info.plist; sourceTree = "<group>"; };
		2A4EBC241BF973FE001D770C /* Podfile */ = {isa = PBXFileReference; fileEncoding = 4; lastKnownFileType = text; path = Podfile; sourceTree = "<group>"; };
		9225B882A871A0523D7F33A5 /* Pods.debug.xcconfig */ = {isa = PBXFileReference; includeInIndex = 1; lastKnownFileType = text.xcconfig; name = Pods.debug.xcconfig; path = "Pods/Target Support Files/Pods/Pods.debug.xcconfig"; sourceTree = "<group>"; };
		BA6FA0ECB1521F2F9B5F02D0 /* Pods.framework */ = {isa = PBXFileReference; explicitFileType = wrapper.framework; includeInIndex = 0; path = Pods.framework; sourceTree = BUILT_PRODUCTS_DIR; };
		D2949786A0827325E3D4030F /* Pods.release.xcconfig */ = {isa = PBXFileReference; includeInIndex = 1; lastKnownFileType = text.xcconfig; name = Pods.release.xcconfig; path = "Pods/Target Support Files/Pods/Pods.release.xcconfig"; sourceTree = "<group>"; };
/* End PBXFileReference section */

/* Begin PBXFrameworksBuildPhase section */
		2A4EBBF01BF973AB001D770C /* Frameworks */ = {
			isa = PBXFrameworksBuildPhase;
			buildActionMask = 2147483647;
			files = (
				F83A7C3CC60135ED4AEE2123 /* Pods.framework in Frameworks */,
			);
			runOnlyForDeploymentPostprocessing = 0;
		};
		2A4EBC041BF973AB001D770C /* Frameworks */ = {
			isa = PBXFrameworksBuildPhase;
			buildActionMask = 2147483647;
			files = (
			);
			runOnlyForDeploymentPostprocessing = 0;
		};
		2A4EBC0F1BF973AB001D770C /* Frameworks */ = {
			isa = PBXFrameworksBuildPhase;
			buildActionMask = 2147483647;
			files = (
			);
			runOnlyForDeploymentPostprocessing = 0;
		};
/* End PBXFrameworksBuildPhase section */

/* Begin PBXGroup section */
		005E5CFC107C9A05E391372F /* Pods */ = {
			isa = PBXGroup;
			children = (
				9225B882A871A0523D7F33A5 /* Pods.debug.xcconfig */,
				D2949786A0827325E3D4030F /* Pods.release.xcconfig */,
			);
			name = Pods;
			sourceTree = "<group>";
		};
		2A4EBBEA1BF973AB001D770C = {
			isa = PBXGroup;
			children = (
				2A4EBC241BF973FE001D770C /* Podfile */,
				2A4EBBF51BF973AB001D770C /* WeiBo */,
				2A4EBC0A1BF973AB001D770C /* WeiBoTests */,
				2A4EBC151BF973AB001D770C /* WeiBoUITests */,
				2A4EBBF41BF973AB001D770C /* Products */,
				005E5CFC107C9A05E391372F /* Pods */,
				8981954707032BE5825F0E74 /* Frameworks */,
			);
			sourceTree = "<group>";
		};
		2A4EBBF41BF973AB001D770C /* Products */ = {
			isa = PBXGroup;
			children = (
				2A4EBBF31BF973AB001D770C /* WeiBo.app */,
				2A4EBC071BF973AB001D770C /* WeiBoTests.xctest */,
				2A4EBC121BF973AB001D770C /* WeiBoUITests.xctest */,
			);
			name = Products;
			sourceTree = "<group>";
		};
		2A4EBBF51BF973AB001D770C /* WeiBo */ = {
			isa = PBXGroup;
			children = (
				2A4EBBF61BF973AB001D770C /* AppDelegate.swift */,
				2A4EBBF81BF973AB001D770C /* ViewController.swift */,
				2A4EBBFA1BF973AB001D770C /* Main.storyboard */,
				2A4EBBFD1BF973AB001D770C /* Assets.xcassets */,
				2A4EBBFF1BF973AB001D770C /* LaunchScreen.storyboard */,
				2A4EBC021BF973AB001D770C /* Info.plist */,
			);
			path = WeiBo;
			sourceTree = "<group>";
		};
		2A4EBC0A1BF973AB001D770C /* WeiBoTests */ = {
			isa = PBXGroup;
			children = (
				2A4EBC0B1BF973AB001D770C /* WeiBoTests.swift */,
				2A4EBC0D1BF973AB001D770C /* Info.plist */,
			);
			path = WeiBoTests;
			sourceTree = "<group>";
		};
		2A4EBC151BF973AB001D770C /* WeiBoUITests */ = {
			isa = PBXGroup;
			children = (
				2A4EBC161BF973AB001D770C /* WeiBoUITests.swift */,
				2A4EBC181BF973AB001D770C /* Info.plist */,
			);
			path = WeiBoUITests;
			sourceTree = "<group>";
		};
		8981954707032BE5825F0E74 /* Frameworks */ = {
			isa = PBXGroup;
			children = (
				BA6FA0ECB1521F2F9B5F02D0 /* Pods.framework */,
			);
			name = Frameworks;
			sourceTree = "<group>";
		};
/* End PBXGroup section */

/* Begin PBXNativeTarget section */
		2A4EBBF21BF973AB001D770C /* WeiBo */ = {
			isa = PBXNativeTarget;
			buildConfigurationList = 2A4EBC1B1BF973AB001D770C /* Build configuration list for PBXNativeTarget "WeiBo" */;
			buildPhases = (
				8BF3403F2E2292230250980F /* Check Pods Manifest.lock */,
				2A4EBBEF1BF973AB001D770C /* Sources */,
				2A4EBBF01BF973AB001D770C /* Frameworks */,
				2A4EBBF11BF973AB001D770C /* Resources */,
				3CCF52DED8B17A5F277AEA72 /* Embed Pods Frameworks */,
				188FF5810386AF1161E0152C /* Copy Pods Resources */,
			);
			buildRules = (
			);
			dependencies = (
			);
			name = WeiBo;
			productName = WeiBo;
			productReference = 2A4EBBF31BF973AB001D770C /* WeiBo.app */;
			productType = "com.apple.product-type.application";
		};
		2A4EBC061BF973AB001D770C /* WeiBoTests */ = {
			isa = PBXNativeTarget;
			buildConfigurationList = 2A4EBC1E1BF973AB001D770C /* Build configuration list for PBXNativeTarget "WeiBoTests" */;
			buildPhases = (
				2A4EBC031BF973AB001D770C /* Sources */,
				2A4EBC041BF973AB001D770C /* Frameworks */,
				2A4EBC051BF973AB001D770C /* Resources */,
			);
			buildRules = (
			);
			dependencies = (
				2A4EBC091BF973AB001D770C /* PBXTargetDependency */,
			);
			name = WeiBoTests;
			productName = WeiBoTests;
			productReference = 2A4EBC071BF973AB001D770C /* WeiBoTests.xctest */;
			productType = "com.apple.product-type.bundle.unit-test";
		};
		2A4EBC111BF973AB001D770C /* WeiBoUITests */ = {
			isa = PBXNativeTarget;
			buildConfigurationList = 2A4EBC211BF973AB001D770C /* Build configuration list for PBXNativeTarget "WeiBoUITests" */;
			buildPhases = (
				2A4EBC0E1BF973AB001D770C /* Sources */,
				2A4EBC0F1BF973AB001D770C /* Frameworks */,
				2A4EBC101BF973AB001D770C /* Resources */,
			);
			buildRules = (
			);
			dependencies = (
				2A4EBC141BF973AB001D770C /* PBXTargetDependency */,
			);
			name = WeiBoUITests;
			productName = WeiBoUITests;
			productReference = 2A4EBC121BF973AB001D770C /* WeiBoUITests.xctest */;
			productType = "com.apple.product-type.bundle.ui-testing";
		};
/* End PBXNativeTarget section */

/* Begin PBXProject section */
		2A4EBBEB1BF973AB001D770C /* Project object */ = {
			isa = PBXProject;
			attributes = {
				LastSwiftUpdateCheck = 0710;
				LastUpgradeCheck = 0710;
				ORGANIZATIONNAME = Cjfire;
				TargetAttributes = {
					2A4EBBF21BF973AB001D770C = {
						CreatedOnToolsVersion = 7.1.1;
					};
					2A4EBC061BF973AB001D770C = {
						CreatedOnToolsVersion = 7.1.1;
						TestTargetID = 2A4EBBF21BF973AB001D770C;
					};
					2A4EBC111BF973AB001D770C = {
						CreatedOnToolsVersion = 7.1.1;
						TestTargetID = 2A4EBBF21BF973AB001D770C;
					};
				};
			};
			buildConfigurationList = 2A4EBBEE1BF973AB001D770C /* Build configuration list for PBXProject "WeiBo" */;
			compatibilityVersion = "Xcode 3.2";
			developmentRegion = English;
			hasScannedForEncodings = 0;
			knownRegions = (
				en,
				Base,
			);
			mainGroup = 2A4EBBEA1BF973AB001D770C;
			productRefGroup = 2A4EBBF41BF973AB001D770C /* Products */;
			projectDirPath = "";
			projectRoot = "";
			targets = (
				2A4EBBF21BF973AB001D770C /* WeiBo */,
				2A4EBC061BF973AB001D770C /* WeiBoTests */,
				2A4EBC111BF973AB001D770C /* WeiBoUITests */,
			);
		};
/* End PBXProject section */

/* Begin PBXResourcesBuildPhase section */
		2A4EBBF11BF973AB001D770C /* Resources */ = {
			isa = PBXResourcesBuildPhase;
			buildActionMask = 2147483647;
			files = (
				2A4EBC011BF973AB001D770C /* LaunchScreen.storyboard in Resources */,
				2A4EBBFE1BF973AB001D770C /* Assets.xcassets in Resources */,
				2A4EBC251BF973FE001D770C /* Podfile in Resources */,
				2A4EBBFC1BF973AB001D770C /* Main.storyboard in Resources */,
			);
			runOnlyForDeploymentPostprocessing = 0;
		};
		2A4EBC051BF973AB001D770C /* Resources */ = {
			isa = PBXResourcesBuildPhase;
			buildActionMask = 2147483647;
			files = (
			);
			runOnlyForDeploymentPostprocessing = 0;
		};
		2A4EBC101BF973AB001D770C /* Resources */ = {
			isa = PBXResourcesBuildPhase;
			buildActionMask = 2147483647;
			files = (
			);
			runOnlyForDeploymentPostprocessing = 0;
		};
/* End PBXResourcesBuildPhase section */

/* Begin PBXShellScriptBuildPhase section */
		188FF5810386AF1161E0152C /* Copy Pods Resources */ = {
			isa = PBXShellScriptBuildPhase;
			buildActionMask = 2147483647;
			files = (
			);
			inputPaths = (
			);
			name = "Copy Pods Resources";
			outputPaths = (
			);
			runOnlyForDeploymentPostprocessing = 0;
			shellPath = /bin/sh;
			shellScript = "\"${SRCROOT}/Pods/Target Support Files/Pods/Pods-resources.sh\"\n";
			showEnvVarsInLog = 0;
		};
		3CCF52DED8B17A5F277AEA72 /* Embed Pods Frameworks */ = {
			isa = PBXShellScriptBuildPhase;
			buildActionMask = 2147483647;
			files = (
			);
			inputPaths = (
			);
			name = "Embed Pods Frameworks";
			outputPaths = (
			);
			runOnlyForDeploymentPostprocessing = 0;
			shellPath = /bin/sh;
			shellScript = "\"${SRCROOT}/Pods/Target Support Files/Pods/Pods-frameworks.sh\"\n";
			showEnvVarsInLog = 0;
		};
		8BF3403F2E2292230250980F /* Check Pods Manifest.lock */ = {
			isa = PBXShellScriptBuildPhase;
			buildActionMask = 2147483647;
			files = (
			);
			inputPaths = (
			);
			name = "Check Pods Manifest.lock";
			outputPaths = (
			);
			runOnlyForDeploymentPostprocessing = 0;
			shellPath = /bin/sh;
			shellScript = "diff \"${PODS_ROOT}/../Podfile.lock\" \"${PODS_ROOT}/Manifest.lock\" > /dev/null\nif [[ $? != 0 ]] ; then\n    cat << EOM\nerror: The sandbox is not in sync with the Podfile.lock. Run 'pod install' or update your CocoaPods installation.\nEOM\n    exit 1\nfi\n";
			showEnvVarsInLog = 0;
		};
/* End PBXShellScriptBuildPhase section */

/* Begin PBXSourcesBuildPhase section */
		2A4EBBEF1BF973AB001D770C /* Sources */ = {
			isa = PBXSourcesBuildPhase;
			buildActionMask = 2147483647;
			files = (
				2A4EBBF91BF973AB001D770C /* ViewController.swift in Sources */,
				2A4EBBF71BF973AB001D770C /* AppDelegate.swift in Sources */,
			);
			runOnlyForDeploymentPostprocessing = 0;
		};
		2A4EBC031BF973AB001D770C /* Sources */ = {
			isa = PBXSourcesBuildPhase;
			buildActionMask = 2147483647;
			files = (
				2A4EBC0C1BF973AB001D770C /* WeiBoTests.swift in Sources */,
			);
			runOnlyForDeploymentPostprocessing = 0;
		};
		2A4EBC0E1BF973AB001D770C /* Sources */ = {
			isa = PBXSourcesBuildPhase;
			buildActionMask = 2147483647;
			files = (
				2A4EBC171BF973AB001D770C /* WeiBoUITests.swift in Sources */,
			);
			runOnlyForDeploymentPostprocessing = 0;
		};
/* End PBXSourcesBuildPhase section */

/* Begin PBXTargetDependency section */
		2A4EBC091BF973AB001D770C /* PBXTargetDependency */ = {
			isa = PBXTargetDependency;
			target = 2A4EBBF21BF973AB001D770C /* WeiBo */;
			targetProxy = 2A4EBC081BF973AB001D770C /* PBXContainerItemProxy */;
		};
		2A4EBC141BF973AB001D770C /* PBXTargetDependency */ = {
			isa = PBXTargetDependency;
			target = 2A4EBBF21BF973AB001D770C /* WeiBo */;
			targetProxy = 2A4EBC131BF973AB001D770C /* PBXContainerItemProxy */;
		};
/* End PBXTargetDependency section */

/* Begin PBXVariantGroup section */
		2A4EBBFA1BF973AB001D770C /* Main.storyboard */ = {
			isa = PBXVariantGroup;
			children = (
				2A4EBBFB1BF973AB001D770C /* Base */,
			);
			name = Main.storyboard;
			sourceTree = "<group>";
		};
		2A4EBBFF1BF973AB001D770C /* LaunchScreen.storyboard */ = {
			isa = PBXVariantGroup;
			children = (
				2A4EBC001BF973AB001D770C /* Base */,
			);
			name = LaunchScreen.storyboard;
			sourceTree = "<group>";
		};
/* End PBXVariantGroup section */

/* Begin XCBuildConfiguration section */
		2A4EBC191BF973AB001D770C /* Debug */ = {
			isa = XCBuildConfiguration;
			buildSettings = {
				ALWAYS_SEARCH_USER_PATHS = NO;
				CLANG_CXX_LANGUAGE_STANDARD = "gnu++0x";
				CLANG_CXX_LIBRARY = "libc++";
				CLANG_ENABLE_MODULES = YES;
				CLANG_ENABLE_OBJC_ARC = YES;
				CLANG_WARN_BOOL_CONVERSION = YES;
				CLANG_WARN_CONSTANT_CONVERSION = YES;
				CLANG_WARN_DIRECT_OBJC_ISA_USAGE = YES_ERROR;
				CLANG_WARN_EMPTY_BODY = YES;
				CLANG_WARN_ENUM_CONVERSION = YES;
				CLANG_WARN_INT_CONVERSION = YES;
				CLANG_WARN_OBJC_ROOT_CLASS = YES_ERROR;
				CLANG_WARN_UNREACHABLE_CODE = YES;
				CLANG_WARN__DUPLICATE_METHOD_MATCH = YES;
				"CODE_SIGN_IDENTITY[sdk=iphoneos*]" = "iPhone Developer";
				COPY_PHASE_STRIP = NO;
				DEBUG_INFORMATION_FORMAT = dwarf;
				ENABLE_STRICT_OBJC_MSGSEND = YES;
				ENABLE_TESTABILITY = YES;
				GCC_C_LANGUAGE_STANDARD = gnu99;
				GCC_DYNAMIC_NO_PIC = NO;
				GCC_NO_COMMON_BLOCKS = YES;
				GCC_OPTIMIZATION_LEVEL = 0;
				GCC_PREPROCESSOR_DEFINITIONS = (
					"DEBUG=1",
					"$(inherited)",
				);
				GCC_WARN_64_TO_32_BIT_CONVERSION = YES;
				GCC_WARN_ABOUT_RETURN_TYPE = YES_ERROR;
				GCC_WARN_UNDECLARED_SELECTOR = YES;
				GCC_WARN_UNINITIALIZED_AUTOS = YES_AGGRESSIVE;
				GCC_WARN_UNUSED_FUNCTION = YES;
				GCC_WARN_UNUSED_VARIABLE = YES;
				IPHONEOS_DEPLOYMENT_TARGET = 9.1;
				MTL_ENABLE_DEBUG_INFO = YES;
				ONLY_ACTIVE_ARCH = YES;
				SDKROOT = iphoneos;
				SWIFT_OPTIMIZATION_LEVEL = "-Onone";
			};
			name = Debug;
		};
		2A4EBC1A1BF973AB001D770C /* Release */ = {
			isa = XCBuildConfiguration;
			buildSettings = {
				ALWAYS_SEARCH_USER_PATHS = NO;
				CLANG_CXX_LANGUAGE_STANDARD = "gnu++0x";
				CLANG_CXX_LIBRARY = "libc++";
				CLANG_ENABLE_MODULES = YES;
				CLANG_ENABLE_OBJC_ARC = YES;
				CLANG_WARN_BOOL_CONVERSION = YES;
				CLANG_WARN_CONSTANT_CONVERSION = YES;
				CLANG_WARN_DIRECT_OBJC_ISA_USAGE = YES_ERROR;
				CLANG_WARN_EMPTY_BODY = YES;
				CLANG_WARN_ENUM_CONVERSION = YES;
				CLANG_WARN_INT_CONVERSION = YES;
				CLANG_WARN_OBJC_ROOT_CLASS = YES_ERROR;
				CLANG_WARN_UNREACHABLE_CODE = YES;
				CLANG_WARN__DUPLICATE_METHOD_MATCH = YES;
				"CODE_SIGN_IDENTITY[sdk=iphoneos*]" = "iPhone Developer";
				COPY_PHASE_STRIP = NO;
				DEBUG_INFORMATION_FORMAT = "dwarf-with-dsym";
				ENABLE_NS_ASSERTIONS = NO;
				ENABLE_STRICT_OBJC_MSGSEND = YES;
				GCC_C_LANGUAGE_STANDARD = gnu99;
				GCC_NO_COMMON_BLOCKS = YES;
				GCC_WARN_64_TO_32_BIT_CONVERSION = YES;
				GCC_WARN_ABOUT_RETURN_TYPE = YES_ERROR;
				GCC_WARN_UNDECLARED_SELECTOR = YES;
				GCC_WARN_UNINITIALIZED_AUTOS = YES_AGGRESSIVE;
				GCC_WARN_UNUSED_FUNCTION = YES;
				GCC_WARN_UNUSED_VARIABLE = YES;
				IPHONEOS_DEPLOYMENT_TARGET = 9.1;
				MTL_ENABLE_DEBUG_INFO = NO;
				SDKROOT = iphoneos;
				VALIDATE_PRODUCT = YES;
			};
			name = Release;
		};
		2A4EBC1C1BF973AB001D770C /* Debug */ = {
			isa = XCBuildConfiguration;
			baseConfigurationReference = 9225B882A871A0523D7F33A5 /* Pods.debug.xcconfig */;
			buildSettings = {
				ASSETCATALOG_COMPILER_APPICON_NAME = AppIcon;
				INFOPLIST_FILE = WeiBo/Info.plist;
				LD_RUNPATH_SEARCH_PATHS = "$(inherited) @executable_path/Frameworks";
				PRODUCT_BUNDLE_IDENTIFIER = com.cjfire.WeiBo;
				PRODUCT_NAME = "$(TARGET_NAME)";
			};
			name = Debug;
		};
		2A4EBC1D1BF973AB001D770C /* Release */ = {
			isa = XCBuildConfiguration;
			baseConfigurationReference = D2949786A0827325E3D4030F /* Pods.release.xcconfig */;
			buildSettings = {
				ASSETCATALOG_COMPILER_APPICON_NAME = AppIcon;
				INFOPLIST_FILE = WeiBo/Info.plist;
				LD_RUNPATH_SEARCH_PATHS = "$(inherited) @executable_path/Frameworks";
				PRODUCT_BUNDLE_IDENTIFIER = com.cjfire.WeiBo;
				PRODUCT_NAME = "$(TARGET_NAME)";
			};
			name = Release;
		};
		2A4EBC1F1BF973AB001D770C /* Debug */ = {
			isa = XCBuildConfiguration;
			buildSettings = {
				BUNDLE_LOADER = "$(TEST_HOST)";
				INFOPLIST_FILE = WeiBoTests/Info.plist;
				LD_RUNPATH_SEARCH_PATHS = "$(inherited) @executable_path/Frameworks @loader_path/Frameworks";
				PRODUCT_BUNDLE_IDENTIFIER = com.cjfire.WeiBoTests;
				PRODUCT_NAME = "$(TARGET_NAME)";
				TEST_HOST = "$(BUILT_PRODUCTS_DIR)/WeiBo.app/WeiBo";
			};
			name = Debug;
		};
		2A4EBC201BF973AB001D770C /* Release */ = {
			isa = XCBuildConfiguration;
			buildSettings = {
				BUNDLE_LOADER = "$(TEST_HOST)";
				INFOPLIST_FILE = WeiBoTests/Info.plist;
				LD_RUNPATH_SEARCH_PATHS = "$(inherited) @executable_path/Frameworks @loader_path/Frameworks";
				PRODUCT_BUNDLE_IDENTIFIER = com.cjfire.WeiBoTests;
				PRODUCT_NAME = "$(TARGET_NAME)";
				TEST_HOST = "$(BUILT_PRODUCTS_DIR)/WeiBo.app/WeiBo";
			};
			name = Release;
		};
		2A4EBC221BF973AB001D770C /* Debug */ = {
			isa = XCBuildConfiguration;
			buildSettings = {
				INFOPLIST_FILE = WeiBoUITests/Info.plist;
				LD_RUNPATH_SEARCH_PATHS = "$(inherited) @executable_path/Frameworks @loader_path/Frameworks";
				PRODUCT_BUNDLE_IDENTIFIER = com.cjfire.WeiBoUITests;
				PRODUCT_NAME = "$(TARGET_NAME)";
				TEST_TARGET_NAME = WeiBo;
				USES_XCTRUNNER = YES;
			};
			name = Debug;
		};
		2A4EBC231BF973AB001D770C /* Release */ = {
			isa = XCBuildConfiguration;
			buildSettings = {
				INFOPLIST_FILE = WeiBoUITests/Info.plist;
				LD_RUNPATH_SEARCH_PATHS = "$(inherited) @executable_path/Frameworks @loader_path/Frameworks";
				PRODUCT_BUNDLE_IDENTIFIER = com.cjfire.WeiBoUITests;
				PRODUCT_NAME = "$(TARGET_NAME)";
				TEST_TARGET_NAME = WeiBo;
				USES_XCTRUNNER = YES;
			};
			name = Release;
		};
/* End XCBuildConfiguration section */

/* Begin XCConfigurationList section */
		2A4EBBEE1BF973AB001D770C /* Build configuration list for PBXProject "WeiBo" */ = {
			isa = XCConfigurationList;
			buildConfigurations = (
				2A4EBC191BF973AB001D770C /* Debug */,
				2A4EBC1A1BF973AB001D770C /* Release */,
			);
			defaultConfigurationIsVisible = 0;
			defaultConfigurationName = Release;
		};
		2A4EBC1B1BF973AB001D770C /* Build configuration list for PBXNativeTarget "WeiBo" */ = {
			isa = XCConfigurationList;
			buildConfigurations = (
				2A4EBC1C1BF973AB001D770C /* Debug */,
				2A4EBC1D1BF973AB001D770C /* Release */,
			);
			defaultConfigurationIsVisible = 0;
			defaultConfigurationName = Release;
		};
		2A4EBC1E1BF973AB001D770C /* Build configuration list for PBXNativeTarget "WeiBoTests" */ = {
			isa = XCConfigurationList;
			buildConfigurations = (
				2A4EBC1F1BF973AB001D770C /* Debug */,
				2A4EBC201BF973AB001D770C /* Release */,
			);
			defaultConfigurationIsVisible = 0;
			defaultConfigurationName = Release;
		};
		2A4EBC211BF973AB001D770C /* Build configuration list for PBXNativeTarget "WeiBoUITests" */ = {
			isa = XCConfigurationList;
			buildConfigurations = (
				2A4EBC221BF973AB001D770C /* Debug */,
				2A4EBC231BF973AB001D770C /* Release */,
			);
			defaultConfigurationIsVisible = 0;
			defaultConfigurationName = Release;
		};
/* End XCConfigurationList section */
	};
	rootObject = 2A4EBBEB1BF973AB001D770C /* Project object */;
}
